
Microsoft Visual Studio Solution File, Format Version 12.00
# Visual Studio Version 16
VisualStudioVersion = 16.0.31624.102
MinimumVisualStudioVersion = 10.0.40219.1
Project("{FAE04EC0-301F-11D3-BF4B-00C04F79EFBC}") = "Practica2", "Practica2\Practica2.csproj", "{A029DFA2-37E0-4A75-9C28-341A3905AAB0}"
EndProject
Global
	GlobalSection(SolutionConfigurationPlatforms) = preSolution
		Debug|Any CPU = Debug|Any CPU
		Release|Any CPU = Release|Any CPU
	EndGlobalSection
	GlobalSection(ProjectConfigurationPlatforms) = postSolution
		{A029DFA2-37E0-4A75-9C28-341A3905AAB0}.Debug|Any CPU.ActiveCfg = Debug|Any CPU
		{A029DFA2-37E0-4A75-9C28-341A3905AAB0}.Debug|Any CPU.Build.0 = Debug|Any CPU
		{A029DFA2-37E0-4A75-9C28-341A3905AAB0}.Release|Any CPU.ActiveCfg = Release|Any CPU
		{A029DFA2-37E0-4A75-9C28-341A3905AAB0}.Release|Any CPU.Build.0 = Release|Any CPU
	EndGlobalSection
	GlobalSection(SolutionProperties) = preSolution
		HideSolutionNode = FALSE
	EndGlobalSection
	GlobalSection(ExtensibilityGlobals) = postSolution
		SolutionGuid = {A737017A-DE63-4E62-8917-FE4A71B89EAD}
	EndGlobalSection
EndGlobal
