
Microsoft Visual Studio Solution File, Format Version 12.00
# Visual Studio Version 17
VisualStudioVersion = 17.1.32421.90
MinimumVisualStudioVersion = 10.0.40219.1
Project("{9A19103F-16F7-4668-BE54-9A1E7A4F7556}") = "Practica2", "Practica2\Practica2.csproj", "{A029DFA2-37E0-4A75-9C28-341A3905AAB0}"
EndProject
Project("{9A19103F-16F7-4668-BE54-9A1E7A4F7556}") = "Logic", "Logic\Logic.csproj", "{D4899AF5-E34F-4E7F-B7EC-33F7F9C6F9CB}"
EndProject
Project("{FAE04EC0-301F-11D3-BF4B-00C04F79EFBC}") = "Services", "Services\Services.csproj", "{CCE91653-4CB9-4269-8F07-B6F3770F2761}"
EndProject
Global
	GlobalSection(SolutionConfigurationPlatforms) = preSolution
		Debug|Any CPU = Debug|Any CPU
		Release|Any CPU = Release|Any CPU
	EndGlobalSection
	GlobalSection(ProjectConfigurationPlatforms) = postSolution
		{A029DFA2-37E0-4A75-9C28-341A3905AAB0}.Debug|Any CPU.ActiveCfg = Debug|Any CPU
		{A029DFA2-37E0-4A75-9C28-341A3905AAB0}.Debug|Any CPU.Build.0 = Debug|Any CPU
		{A029DFA2-37E0-4A75-9C28-341A3905AAB0}.Release|Any CPU.ActiveCfg = Release|Any CPU
		{A029DFA2-37E0-4A75-9C28-341A3905AAB0}.Release|Any CPU.Build.0 = Release|Any CPU
		{D4899AF5-E34F-4E7F-B7EC-33F7F9C6F9CB}.Debug|Any CPU.ActiveCfg = Debug|Any CPU
		{D4899AF5-E34F-4E7F-B7EC-33F7F9C6F9CB}.Debug|Any CPU.Build.0 = Debug|Any CPU
		{D4899AF5-E34F-4E7F-B7EC-33F7F9C6F9CB}.Release|Any CPU.ActiveCfg = Release|Any CPU
		{D4899AF5-E34F-4E7F-B7EC-33F7F9C6F9CB}.Release|Any CPU.Build.0 = Release|Any CPU
		{CCE91653-4CB9-4269-8F07-B6F3770F2761}.Debug|Any CPU.ActiveCfg = Debug|Any CPU
		{CCE91653-4CB9-4269-8F07-B6F3770F2761}.Debug|Any CPU.Build.0 = Debug|Any CPU
		{CCE91653-4CB9-4269-8F07-B6F3770F2761}.Release|Any CPU.ActiveCfg = Release|Any CPU
		{CCE91653-4CB9-4269-8F07-B6F3770F2761}.Release|Any CPU.Build.0 = Release|Any CPU
	EndGlobalSection
	GlobalSection(SolutionProperties) = preSolution
		HideSolutionNode = FALSE
	EndGlobalSection
	GlobalSection(ExtensibilityGlobals) = postSolution
		SolutionGuid = {A737017A-DE63-4E62-8917-FE4A71B89EAD}
	EndGlobalSection
EndGlobal
